
Microsoft Visual Studio Solution File, Format Version 12.00
# Visual Studio Version 17
VisualStudioVersion = 17.0.31903.59
MinimumVisualStudioVersion = 10.0.40219.1
Project("{9A19103F-16F7-4668-BE54-9A1E7A4F7556}") = "MovieApp.MovieApi.API", "MovieApp.MovieApi.API\MovieApp.MovieApi.API.csproj", "{E97A1B3C-57BD-4531-8621-7BA54AF66ED5}"
EndProject
Project("{FAE04EC0-301F-11D3-BF4B-00C04F79EFBC}") = "MovieApp.MovieApi.Application", "MovieApp.MovieApi.Application\MovieApp.MovieApi.Application.csproj", "{5F419AE7-AB6D-4763-9A5C-B1F961B935FA}"
EndProject
Project("{FAE04EC0-301F-11D3-BF4B-00C04F79EFBC}") = "MovieApp.MovieApi.Domain", "MovieApp.MovieApi.Domain\MovieApp.MovieApi.Domain.csproj", "{AE0CD3B9-83E2-4D0F-83EE-52D6044C823B}"
EndProject
Project("{FAE04EC0-301F-11D3-BF4B-00C04F79EFBC}") = "MovieApp.MovieApi.Infra", "MovieApp.MovieApi.Infra\MovieApp.MovieApi.Infra.csproj", "{DB11F566-9913-4623-B74E-DDC7371D5541}"
EndProject
Project("{FAE04EC0-301F-11D3-BF4B-00C04F79EFBC}") = "MovieApp.MovieApi.CrossCutting", "MovieApp.MovieApi.CrossCutting\MovieApp.MovieApi.CrossCutting.csproj", "{306B5397-3629-4A55-A885-41E02AC1D22D}"
EndProject
Global
	GlobalSection(SolutionConfigurationPlatforms) = preSolution
		Debug|Any CPU = Debug|Any CPU
		Release|Any CPU = Release|Any CPU
	EndGlobalSection
	GlobalSection(ProjectConfigurationPlatforms) = postSolution
		{E97A1B3C-57BD-4531-8621-7BA54AF66ED5}.Debug|Any CPU.ActiveCfg = Debug|Any CPU
		{E97A1B3C-57BD-4531-8621-7BA54AF66ED5}.Debug|Any CPU.Build.0 = Debug|Any CPU
		{E97A1B3C-57BD-4531-8621-7BA54AF66ED5}.Release|Any CPU.ActiveCfg = Release|Any CPU
		{E97A1B3C-57BD-4531-8621-7BA54AF66ED5}.Release|Any CPU.Build.0 = Release|Any CPU
		{5F419AE7-AB6D-4763-9A5C-B1F961B935FA}.Debug|Any CPU.ActiveCfg = Debug|Any CPU
		{5F419AE7-AB6D-4763-9A5C-B1F961B935FA}.Debug|Any CPU.Build.0 = Debug|Any CPU
		{5F419AE7-AB6D-4763-9A5C-B1F961B935FA}.Release|Any CPU.ActiveCfg = Release|Any CPU
		{5F419AE7-AB6D-4763-9A5C-B1F961B935FA}.Release|Any CPU.Build.0 = Release|Any CPU
		{AE0CD3B9-83E2-4D0F-83EE-52D6044C823B}.Debug|Any CPU.ActiveCfg = Debug|Any CPU
		{AE0CD3B9-83E2-4D0F-83EE-52D6044C823B}.Debug|Any CPU.Build.0 = Debug|Any CPU
		{AE0CD3B9-83E2-4D0F-83EE-52D6044C823B}.Release|Any CPU.ActiveCfg = Release|Any CPU
		{AE0CD3B9-83E2-4D0F-83EE-52D6044C823B}.Release|Any CPU.Build.0 = Release|Any CPU
		{DB11F566-9913-4623-B74E-DDC7371D5541}.Debug|Any CPU.ActiveCfg = Debug|Any CPU
		{DB11F566-9913-4623-B74E-DDC7371D5541}.Debug|Any CPU.Build.0 = Debug|Any CPU
		{DB11F566-9913-4623-B74E-DDC7371D5541}.Release|Any CPU.ActiveCfg = Release|Any CPU
		{DB11F566-9913-4623-B74E-DDC7371D5541}.Release|Any CPU.Build.0 = Release|Any CPU
		{306B5397-3629-4A55-A885-41E02AC1D22D}.Debug|Any CPU.ActiveCfg = Debug|Any CPU
		{306B5397-3629-4A55-A885-41E02AC1D22D}.Debug|Any CPU.Build.0 = Debug|Any CPU
		{306B5397-3629-4A55-A885-41E02AC1D22D}.Release|Any CPU.ActiveCfg = Release|Any CPU
		{306B5397-3629-4A55-A885-41E02AC1D22D}.Release|Any CPU.Build.0 = Release|Any CPU
	EndGlobalSection
	GlobalSection(SolutionProperties) = preSolution
		HideSolutionNode = FALSE
	EndGlobalSection
	GlobalSection(ExtensibilityGlobals) = postSolution
		SolutionGuid = {7F9635BD-F55D-492C-8413-3068A80B76EC}
	EndGlobalSection
EndGlobal
